
Microsoft Visual Studio Solution File, Format Version 12.00
# Visual Studio 14
VisualStudioVersion = 14.0.25420.1
MinimumVisualStudioVersion = 10.0.40219.1
Project("{FAE04EC0-301F-11D3-BF4B-00C04F79EFBC}") = "Selenium", "Selenium\Selenium.csproj", "{4D066184-05E0-42BC-B492-323C853DE74B}"
EndProject
Project("{FAE04EC0-301F-11D3-BF4B-00C04F79EFBC}") = "SeleniumSamples", "SeleniumSamples\SeleniumSamples.csproj", "{F57CA1F4-1F03-4B81-AF0D-5B5397CD233C}"
	ProjectSection(ProjectDependencies) = postProject
		{4D066184-05E0-42BC-B492-323C853DE74B} = {4D066184-05E0-42BC-B492-323C853DE74B}
	EndProjectSection
EndProject
Global
	GlobalSection(SolutionConfigurationPlatforms) = preSolution
		Debug|Any CPU = Debug|Any CPU
		Release|Any CPU = Release|Any CPU
	EndGlobalSection
	GlobalSection(ProjectConfigurationPlatforms) = postSolution
		{4D066184-05E0-42BC-B492-323C853DE74B}.Debug|Any CPU.ActiveCfg = Debug|Any CPU
		{4D066184-05E0-42BC-B492-323C853DE74B}.Debug|Any CPU.Build.0 = Debug|Any CPU
		{4D066184-05E0-42BC-B492-323C853DE74B}.Release|Any CPU.ActiveCfg = Release|Any CPU
		{4D066184-05E0-42BC-B492-323C853DE74B}.Release|Any CPU.Build.0 = Release|Any CPU
		{F57CA1F4-1F03-4B81-AF0D-5B5397CD233C}.Debug|Any CPU.ActiveCfg = Debug|Any CPU
		{F57CA1F4-1F03-4B81-AF0D-5B5397CD233C}.Debug|Any CPU.Build.0 = Debug|Any CPU
		{F57CA1F4-1F03-4B81-AF0D-5B5397CD233C}.Release|Any CPU.ActiveCfg = Release|Any CPU
		{F57CA1F4-1F03-4B81-AF0D-5B5397CD233C}.Release|Any CPU.Build.0 = Release|Any CPU
	EndGlobalSection
	GlobalSection(SolutionProperties) = preSolution
		HideSolutionNode = FALSE
	EndGlobalSection
EndGlobal
